
Microsoft Visual Studio Solution File, Format Version 12.00
# Visual Studio Version 17
VisualStudioVersion = 17.0.31903.59
MinimumVisualStudioVersion = 10.0.40219.1
Project("{2150E333-8FDC-42A3-9474-1A3956D46DE8}") = "src", "src", "{827E0CD3-B72D-47B6-A68D-7590B98EB39B}"
EndProject
Project("{FAE04EC0-301F-11D3-BF4B-00C04F79EFBC}") = "ExamTicketGenerator", "src\ExamTicketGenerator\ExamTicketGenerator.csproj", "{48F610FD-E26B-49F6-B082-DB4E45F5C613}"
EndProject
Project("{2150E333-8FDC-42A3-9474-1A3956D46DE8}") = "tests", "tests", "{0AB3BF05-4346-4AA6-1389-037BE0695223}"
EndProject
Project("{FAE04EC0-301F-11D3-BF4B-00C04F79EFBC}") = "ExamTicketGenerator.Tests", "tests\ExamTicketGenerator.Tests\ExamTicketGenerator.Tests.csproj", "{1D0D8B5C-DE21-49B1-8A17-D755D09DA29A}"
EndProject
Project("{FAE04EC0-301F-11D3-BF4B-00C04F79EFBC}") = "ExamTicketGenerator.Web", "src\ExamTicketGenerator.Web\ExamTicketGenerator.Web.csproj", "{DB5A329E-1FFD-416C-8006-BB05767F1137}"
EndProject
Project("{FAE04EC0-301F-11D3-BF4B-00C04F79EFBC}") = "ExamTicketGenerator.SeleniumTests", "tests\ExamTicketGenerator.SeleniumTests\ExamTicketGenerator.SeleniumTests.csproj", "{7B2CE911-FED7-44DC-91FC-AE1CD51E2115}"
EndProject
Global
	GlobalSection(SolutionConfigurationPlatforms) = preSolution
		Debug|Any CPU = Debug|Any CPU
		Debug|x64 = Debug|x64
		Debug|x86 = Debug|x86
		Release|Any CPU = Release|Any CPU
		Release|x64 = Release|x64
		Release|x86 = Release|x86
	EndGlobalSection
	GlobalSection(ProjectConfigurationPlatforms) = postSolution
		{48F610FD-E26B-49F6-B082-DB4E45F5C613}.Debug|Any CPU.ActiveCfg = Debug|Any CPU
		{48F610FD-E26B-49F6-B082-DB4E45F5C613}.Debug|Any CPU.Build.0 = Debug|Any CPU
		{48F610FD-E26B-49F6-B082-DB4E45F5C613}.Debug|x64.ActiveCfg = Debug|Any CPU
		{48F610FD-E26B-49F6-B082-DB4E45F5C613}.Debug|x64.Build.0 = Debug|Any CPU
		{48F610FD-E26B-49F6-B082-DB4E45F5C613}.Debug|x86.ActiveCfg = Debug|Any CPU
		{48F610FD-E26B-49F6-B082-DB4E45F5C613}.Debug|x86.Build.0 = Debug|Any CPU
		{48F610FD-E26B-49F6-B082-DB4E45F5C613}.Release|Any CPU.ActiveCfg = Release|Any CPU
		{48F610FD-E26B-49F6-B082-DB4E45F5C613}.Release|Any CPU.Build.0 = Release|Any CPU
		{48F610FD-E26B-49F6-B082-DB4E45F5C613}.Release|x64.ActiveCfg = Release|Any CPU
		{48F610FD-E26B-49F6-B082-DB4E45F5C613}.Release|x64.Build.0 = Release|Any CPU
		{48F610FD-E26B-49F6-B082-DB4E45F5C613}.Release|x86.ActiveCfg = Release|Any CPU
		{48F610FD-E26B-49F6-B082-DB4E45F5C613}.Release|x86.Build.0 = Release|Any CPU
		{1D0D8B5C-DE21-49B1-8A17-D755D09DA29A}.Debug|Any CPU.ActiveCfg = Debug|Any CPU
		{1D0D8B5C-DE21-49B1-8A17-D755D09DA29A}.Debug|Any CPU.Build.0 = Debug|Any CPU
		{1D0D8B5C-DE21-49B1-8A17-D755D09DA29A}.Debug|x64.ActiveCfg = Debug|Any CPU
		{1D0D8B5C-DE21-49B1-8A17-D755D09DA29A}.Debug|x64.Build.0 = Debug|Any CPU
		{1D0D8B5C-DE21-49B1-8A17-D755D09DA29A}.Debug|x86.ActiveCfg = Debug|Any CPU
		{1D0D8B5C-DE21-49B1-8A17-D755D09DA29A}.Debug|x86.Build.0 = Debug|Any CPU
		{1D0D8B5C-DE21-49B1-8A17-D755D09DA29A}.Release|Any CPU.ActiveCfg = Release|Any CPU
		{1D0D8B5C-DE21-49B1-8A17-D755D09DA29A}.Release|Any CPU.Build.0 = Release|Any CPU
		{1D0D8B5C-DE21-49B1-8A17-D755D09DA29A}.Release|x64.ActiveCfg = Release|Any CPU
		{1D0D8B5C-DE21-49B1-8A17-D755D09DA29A}.Release|x64.Build.0 = Release|Any CPU
		{1D0D8B5C-DE21-49B1-8A17-D755D09DA29A}.Release|x86.ActiveCfg = Release|Any CPU
		{1D0D8B5C-DE21-49B1-8A17-D755D09DA29A}.Release|x86.Build.0 = Release|Any CPU
		{DB5A329E-1FFD-416C-8006-BB05767F1137}.Debug|Any CPU.ActiveCfg = Debug|Any CPU
		{DB5A329E-1FFD-416C-8006-BB05767F1137}.Debug|Any CPU.Build.0 = Debug|Any CPU
		{DB5A329E-1FFD-416C-8006-BB05767F1137}.Debug|x64.ActiveCfg = Debug|Any CPU
		{DB5A329E-1FFD-416C-8006-BB05767F1137}.Debug|x64.Build.0 = Debug|Any CPU
		{DB5A329E-1FFD-416C-8006-BB05767F1137}.Debug|x86.ActiveCfg = Debug|Any CPU
		{DB5A329E-1FFD-416C-8006-BB05767F1137}.Debug|x86.Build.0 = Debug|Any CPU
		{DB5A329E-1FFD-416C-8006-BB05767F1137}.Release|Any CPU.ActiveCfg = Release|Any CPU
		{DB5A329E-1FFD-416C-8006-BB05767F1137}.Release|Any CPU.Build.0 = Release|Any CPU
		{DB5A329E-1FFD-416C-8006-BB05767F1137}.Release|x64.ActiveCfg = Release|Any CPU
		{DB5A329E-1FFD-416C-8006-BB05767F1137}.Release|x64.Build.0 = Release|Any CPU
		{DB5A329E-1FFD-416C-8006-BB05767F1137}.Release|x86.ActiveCfg = Release|Any CPU
		{DB5A329E-1FFD-416C-8006-BB05767F1137}.Release|x86.Build.0 = Release|Any CPU
		{7B2CE911-FED7-44DC-91FC-AE1CD51E2115}.Debug|Any CPU.ActiveCfg = Debug|Any CPU
		{7B2CE911-FED7-44DC-91FC-AE1CD51E2115}.Debug|Any CPU.Build.0 = Debug|Any CPU
		{7B2CE911-FED7-44DC-91FC-AE1CD51E2115}.Debug|x64.ActiveCfg = Debug|Any CPU
		{7B2CE911-FED7-44DC-91FC-AE1CD51E2115}.Debug|x64.Build.0 = Debug|Any CPU
		{7B2CE911-FED7-44DC-91FC-AE1CD51E2115}.Debug|x86.ActiveCfg = Debug|Any CPU
		{7B2CE911-FED7-44DC-91FC-AE1CD51E2115}.Debug|x86.Build.0 = Debug|Any CPU
		{7B2CE911-FED7-44DC-91FC-AE1CD51E2115}.Release|Any CPU.ActiveCfg = Release|Any CPU
		{7B2CE911-FED7-44DC-91FC-AE1CD51E2115}.Release|Any CPU.Build.0 = Release|Any CPU
		{7B2CE911-FED7-44DC-91FC-AE1CD51E2115}.Release|x64.ActiveCfg = Release|Any CPU
		{7B2CE911-FED7-44DC-91FC-AE1CD51E2115}.Release|x64.Build.0 = Release|Any CPU
		{7B2CE911-FED7-44DC-91FC-AE1CD51E2115}.Release|x86.ActiveCfg = Release|Any CPU
		{7B2CE911-FED7-44DC-91FC-AE1CD51E2115}.Release|x86.Build.0 = Release|Any CPU
	EndGlobalSection
	GlobalSection(SolutionProperties) = preSolution
		HideSolutionNode = FALSE
	EndGlobalSection
	GlobalSection(NestedProjects) = preSolution
		{48F610FD-E26B-49F6-B082-DB4E45F5C613} = {827E0CD3-B72D-47B6-A68D-7590B98EB39B}
		{1D0D8B5C-DE21-49B1-8A17-D755D09DA29A} = {0AB3BF05-4346-4AA6-1389-037BE0695223}
		{DB5A329E-1FFD-416C-8006-BB05767F1137} = {827E0CD3-B72D-47B6-A68D-7590B98EB39B}
		{7B2CE911-FED7-44DC-91FC-AE1CD51E2115} = {0AB3BF05-4346-4AA6-1389-037BE0695223}
	EndGlobalSection
EndGlobal
